
Microsoft Visual Studio Solution File, Format Version 12.00
# Visual Studio Version 16
VisualStudioVersion = 16.0.31624.102
MinimumVisualStudioVersion = 10.0.40219.1
Project("{9A19103F-16F7-4668-BE54-9A1E7A4F7556}") = "Core.ObjectRecognitionComponent", "Core\ObjectRecognitionComponent\Core.ObjectRecognitionComponent.csproj", "{229E67D3-4117-45AB-B664-034956A8214A}"
EndProject
Project("{2150E333-8FDC-42A3-9474-1A3956D46DE8}") = "Core", "Core", "{4F437511-45F6-4031-B293-3A2C4B0E2AFA}"
EndProject
Project("{9A19103F-16F7-4668-BE54-9A1E7A4F7556}") = "UI", "UI\UI.csproj", "{0AF1263C-0139-4B61-A24F-85F9E52DA045}"
EndProject
Project("{9A19103F-16F7-4668-BE54-9A1E7A4F7556}") = "Core.WebApi", "Core\WebApi\Core.WebApi.csproj", "{00D2EAA8-C38B-4833-AD67-4B3E74447389}"
EndProject
Global
	GlobalSection(SolutionConfigurationPlatforms) = preSolution
		Debug|Any CPU = Debug|Any CPU
		Release|Any CPU = Release|Any CPU
	EndGlobalSection
	GlobalSection(ProjectConfigurationPlatforms) = postSolution
		{229E67D3-4117-45AB-B664-034956A8214A}.Debug|Any CPU.ActiveCfg = Debug|Any CPU
		{229E67D3-4117-45AB-B664-034956A8214A}.Debug|Any CPU.Build.0 = Debug|Any CPU
		{229E67D3-4117-45AB-B664-034956A8214A}.Release|Any CPU.ActiveCfg = Release|Any CPU
		{229E67D3-4117-45AB-B664-034956A8214A}.Release|Any CPU.Build.0 = Release|Any CPU
		{0AF1263C-0139-4B61-A24F-85F9E52DA045}.Debug|Any CPU.ActiveCfg = Debug|Any CPU
		{0AF1263C-0139-4B61-A24F-85F9E52DA045}.Debug|Any CPU.Build.0 = Debug|Any CPU
		{0AF1263C-0139-4B61-A24F-85F9E52DA045}.Release|Any CPU.ActiveCfg = Release|Any CPU
		{0AF1263C-0139-4B61-A24F-85F9E52DA045}.Release|Any CPU.Build.0 = Release|Any CPU
		{00D2EAA8-C38B-4833-AD67-4B3E74447389}.Debug|Any CPU.ActiveCfg = Debug|Any CPU
		{00D2EAA8-C38B-4833-AD67-4B3E74447389}.Debug|Any CPU.Build.0 = Debug|Any CPU
		{00D2EAA8-C38B-4833-AD67-4B3E74447389}.Release|Any CPU.ActiveCfg = Release|Any CPU
		{00D2EAA8-C38B-4833-AD67-4B3E74447389}.Release|Any CPU.Build.0 = Release|Any CPU
	EndGlobalSection
	GlobalSection(SolutionProperties) = preSolution
		HideSolutionNode = FALSE
	EndGlobalSection
	GlobalSection(NestedProjects) = preSolution
		{229E67D3-4117-45AB-B664-034956A8214A} = {4F437511-45F6-4031-B293-3A2C4B0E2AFA}
		{00D2EAA8-C38B-4833-AD67-4B3E74447389} = {4F437511-45F6-4031-B293-3A2C4B0E2AFA}
	EndGlobalSection
	GlobalSection(ExtensibilityGlobals) = postSolution
		SolutionGuid = {8A08BF0F-6991-4AFD-B800-2FD0D1E5E06A}
	EndGlobalSection
EndGlobal
