
Microsoft Visual Studio Solution File, Format Version 12.00
# Visual Studio Version 16
VisualStudioVersion = 16.0.31624.102
MinimumVisualStudioVersion = 10.0.40219.1
Project("{FAE04EC0-301F-11D3-BF4B-00C04F79EFBC}") = "Task1", "Task1.csproj", "{7F66FDDF-64E2-440B-BE40-A2A3F86B7613}"
EndProject
Project("{FAE04EC0-301F-11D3-BF4B-00C04F79EFBC}") = "ObjectRecognitionComponent", "..\ObjectRecognitionComponent\ObjectRecognitionComponent.csproj", "{42E2DC7F-3410-4645-8A5E-0FA6D838DE2A}"
EndProject
Global
	GlobalSection(SolutionConfigurationPlatforms) = preSolution
		Debug|Any CPU = Debug|Any CPU
		Release|Any CPU = Release|Any CPU
	EndGlobalSection
	GlobalSection(ProjectConfigurationPlatforms) = postSolution
		{7F66FDDF-64E2-440B-BE40-A2A3F86B7613}.Debug|Any CPU.ActiveCfg = Debug|Any CPU
		{7F66FDDF-64E2-440B-BE40-A2A3F86B7613}.Debug|Any CPU.Build.0 = Debug|Any CPU
		{7F66FDDF-64E2-440B-BE40-A2A3F86B7613}.Release|Any CPU.ActiveCfg = Release|Any CPU
		{7F66FDDF-64E2-440B-BE40-A2A3F86B7613}.Release|Any CPU.Build.0 = Release|Any CPU
		{42E2DC7F-3410-4645-8A5E-0FA6D838DE2A}.Debug|Any CPU.ActiveCfg = Debug|Any CPU
		{42E2DC7F-3410-4645-8A5E-0FA6D838DE2A}.Debug|Any CPU.Build.0 = Debug|Any CPU
		{42E2DC7F-3410-4645-8A5E-0FA6D838DE2A}.Release|Any CPU.ActiveCfg = Release|Any CPU
		{42E2DC7F-3410-4645-8A5E-0FA6D838DE2A}.Release|Any CPU.Build.0 = Release|Any CPU
	EndGlobalSection
	GlobalSection(SolutionProperties) = preSolution
		HideSolutionNode = FALSE
	EndGlobalSection
	GlobalSection(ExtensibilityGlobals) = postSolution
		SolutionGuid = {7654C989-3F35-42D6-A714-E244306E7C6F}
	EndGlobalSection
EndGlobal
